{
  "requires": true,
  "lockfileVersion": 1,
  "dependencies": {
    "acorn": {
      "version": "8.0.1",
      "resolved": "https://registry.npmjs.org/acorn/-/acorn-8.0.1.tgz",
      "integrity": "sha512-dmKn4pqZ29iQl2Pvze1zTrps2luvls2PBY//neO2WJ0s10B3AxJXshN+Ph7B4GrhfGhHXrl4dnUwyNNXQcnWGQ==",
      "dev": true
    }
  }
}
